// !$*UTF8*$!
{
	archiveVersion = 1;
	classes = {
	};
	objectVersion = 46;
	objects = {

/* Begin PBXBuildFile section */
		4D278AB019BCEEF7001B8968 /* MainMenuViewController.m in Sources */ = {isa = PBXBuildFile; fileRef = 4D278AAF19BCEEF7001B8968 /* MainMenuViewController.m */; };
		4D278ABD19BD88E7001B8968 /* BSKeyboardControls.m in Sources */ = {isa = PBXBuildFile; fileRef = 4D278AB319BD88E7001B8968 /* BSKeyboardControls.m */; };
		4D278ABE19BD88E7001B8968 /* BSKeyboardControls.strings in Resources */ = {isa = PBXBuildFile; fileRef = 4D278AB419BD88E7001B8968 /* BSKeyboardControls.strings */; };
		4D401F44196BA97600482B05 /* SKSTableView.m in Sources */ = {isa = PBXBuildFile; fileRef = 4D401F3F196BA97600482B05 /* SKSTableView.m */; };
		4D401F45196BA97600482B05 /* SKSTableViewCell.m in Sources */ = {isa = PBXBuildFile; fileRef = 4D401F41196BA97600482B05 /* SKSTableViewCell.m */; };
		4D401F46196BA97600482B05 /* SKSTableViewCellIndicator.m in Sources */ = {isa = PBXBuildFile; fileRef = 4D401F43196BA97600482B05 /* SKSTableViewCellIndicator.m */; };
		4D401F49196BC81600482B05 /* expandableImage.png in Resources */ = {isa = PBXBuildFile; fileRef = 4D401F47196BC81600482B05 /* expandableImage.png */; };
		4D401F4A196BC81600482B05 /* expandableImage@2x.png in Resources */ = {isa = PBXBuildFile; fileRef = 4D401F48196BC81600482B05 /* expandableImage@2x.png */; };
		4DA553EB19BE38A5009DBD6D /* RedCiudadanaViewController.m in Sources */ = {isa = PBXBuildFile; fileRef = 4DA553EA19BE38A5009DBD6D /* RedCiudadanaViewController.m */; };
		4DA553EE19BE38B3009DBD6D /* ActivitiesViewController.m in Sources */ = {isa = PBXBuildFile; fileRef = 4DA553ED19BE38B3009DBD6D /* ActivitiesViewController.m */; };
		4DA553F119BE6F0D009DBD6D /* DeputiesViewController.m in Sources */ = {isa = PBXBuildFile; fileRef = 4DA553F019BE6F0D009DBD6D /* DeputiesViewController.m */; };
		4DA553F519BE87D2009DBD6D /* DeputyCell.m in Sources */ = {isa = PBXBuildFile; fileRef = 4DA553F419BE87D2009DBD6D /* DeputyCell.m */; };
		4DA5541819BE888A009DBD6D /* MKAnnotationView+WebCache.m in Sources */ = {isa = PBXBuildFile; fileRef = 4DA553F819BE888A009DBD6D /* MKAnnotationView+WebCache.m */; };
		4DA5541919BE888A009DBD6D /* NSData+ImageContentType.m in Sources */ = {isa = PBXBuildFile; fileRef = 4DA553FA19BE888A009DBD6D /* NSData+ImageContentType.m */; };
		4DA5541A19BE888A009DBD6D /* SDImageCache.m in Sources */ = {isa = PBXBuildFile; fileRef = 4DA553FC19BE888A009DBD6D /* SDImageCache.m */; };
		4DA5541B19BE888A009DBD6D /* SDWebImageCompat.m in Sources */ = {isa = PBXBuildFile; fileRef = 4DA553FE19BE888A009DBD6D /* SDWebImageCompat.m */; };
		4DA5541C19BE888A009DBD6D /* SDWebImageDecoder.m in Sources */ = {isa = PBXBuildFile; fileRef = 4DA5540019BE888A009DBD6D /* SDWebImageDecoder.m */; };
		4DA5541D19BE888A009DBD6D /* SDWebImageDownloader.m in Sources */ = {isa = PBXBuildFile; fileRef = 4DA5540219BE888A009DBD6D /* SDWebImageDownloader.m */; };
		4DA5541E19BE888A009DBD6D /* SDWebImageDownloaderOperation.m in Sources */ = {isa = PBXBuildFile; fileRef = 4DA5540419BE888A009DBD6D /* SDWebImageDownloaderOperation.m */; };
		4DA5541F19BE888A009DBD6D /* SDWebImageManager.m in Sources */ = {isa = PBXBuildFile; fileRef = 4DA5540619BE888A009DBD6D /* SDWebImageManager.m */; };
		4DA5542019BE888A009DBD6D /* SDWebImagePrefetcher.m in Sources */ = {isa = PBXBuildFile; fileRef = 4DA5540919BE888A009DBD6D /* SDWebImagePrefetcher.m */; };
		4DA5542119BE888A009DBD6D /* UIButton+WebCache.m in Sources */ = {isa = PBXBuildFile; fileRef = 4DA5540B19BE888A009DBD6D /* UIButton+WebCache.m */; };
		4DA5542219BE888A009DBD6D /* UIImage+GIF.m in Sources */ = {isa = PBXBuildFile; fileRef = 4DA5540D19BE888A009DBD6D /* UIImage+GIF.m */; };
		4DA5542319BE888A009DBD6D /* UIImage+MultiFormat.m in Sources */ = {isa = PBXBuildFile; fileRef = 4DA5540F19BE888A009DBD6D /* UIImage+MultiFormat.m */; };
		4DA5542419BE888A009DBD6D /* UIImage+WebP.m in Sources */ = {isa = PBXBuildFile; fileRef = 4DA5541119BE888A009DBD6D /* UIImage+WebP.m */; };
		4DA5542519BE888A009DBD6D /* UIImageView+HighlightedWebCache.m in Sources */ = {isa = PBXBuildFile; fileRef = 4DA5541319BE888A009DBD6D /* UIImageView+HighlightedWebCache.m */; };
		4DA5542619BE888A009DBD6D /* UIImageView+WebCache.m in Sources */ = {isa = PBXBuildFile; fileRef = 4DA5541519BE888A009DBD6D /* UIImageView+WebCache.m */; };
		4DA5542719BE888A009DBD6D /* UIView+WebCacheOperation.m in Sources */ = {isa = PBXBuildFile; fileRef = 4DA5541719BE888A009DBD6D /* UIView+WebCacheOperation.m */; };
		4DA5542A19BEBE5E009DBD6D /* Commission.m in Sources */ = {isa = PBXBuildFile; fileRef = 4DA5542919BEBE5E009DBD6D /* Commission.m */; };
		4DA5542C19BECEEE009DBD6D /* MessageUI.framework in Frameworks */ = {isa = PBXBuildFile; fileRef = 4DA5542B19BECEEE009DBD6D /* MessageUI.framework */; };
		4DB4C05C196CB87400494F29 /* Deputy.m in Sources */ = {isa = PBXBuildFile; fileRef = 4DB4C05B196CB87400494F29 /* Deputy.m */; };
		4DB4C05F196CE7CE00494F29 /* DataManager.m in Sources */ = {isa = PBXBuildFile; fileRef = 4DB4C05E196CE7CE00494F29 /* DataManager.m */; };
		4DB4C062196CEE9F00494F29 /* InitialViewController.m in Sources */ = {isa = PBXBuildFile; fileRef = 4DB4C061196CEE9F00494F29 /* InitialViewController.m */; };
		4DBA7669196A47B6002B5811 /* Foundation.framework in Frameworks */ = {isa = PBXBuildFile; fileRef = 4DBA7668196A47B6002B5811 /* Foundation.framework */; };
		4DBA766B196A47B6002B5811 /* CoreGraphics.framework in Frameworks */ = {isa = PBXBuildFile; fileRef = 4DBA766A196A47B6002B5811 /* CoreGraphics.framework */; };
		4DBA766D196A47B6002B5811 /* UIKit.framework in Frameworks */ = {isa = PBXBuildFile; fileRef = 4DBA766C196A47B6002B5811 /* UIKit.framework */; };
		4DBA7673196A47B6002B5811 /* InfoPlist.strings in Resources */ = {isa = PBXBuildFile; fileRef = 4DBA7671196A47B6002B5811 /* InfoPlist.strings */; };
		4DBA7675196A47B6002B5811 /* main.m in Sources */ = {isa = PBXBuildFile; fileRef = 4DBA7674196A47B6002B5811 /* main.m */; };
		4DBA7679196A47B6002B5811 /* AppDelegate.m in Sources */ = {isa = PBXBuildFile; fileRef = 4DBA7678196A47B6002B5811 /* AppDelegate.m */; };
		4DBA767C196A47B6002B5811 /* Main.storyboard in Resources */ = {isa = PBXBuildFile; fileRef = 4DBA767A196A47B6002B5811 /* Main.storyboard */; };
		4DBA767F196A47B6002B5811 /* ViewController.m in Sources */ = {isa = PBXBuildFile; fileRef = 4DBA767E196A47B6002B5811 /* ViewController.m */; };
		4DBA7681196A47B6002B5811 /* Images.xcassets in Resources */ = {isa = PBXBuildFile; fileRef = 4DBA7680196A47B6002B5811 /* Images.xcassets */; };
		4DBA7688196A47B7002B5811 /* XCTest.framework in Frameworks */ = {isa = PBXBuildFile; fileRef = 4DBA7687196A47B7002B5811 /* XCTest.framework */; };
		4DBA7689196A47B7002B5811 /* Foundation.framework in Frameworks */ = {isa = PBXBuildFile; fileRef = 4DBA7668196A47B6002B5811 /* Foundation.framework */; };
		4DBA768A196A47B7002B5811 /* UIKit.framework in Frameworks */ = {isa = PBXBuildFile; fileRef = 4DBA766C196A47B6002B5811 /* UIKit.framework */; };
		4DBA7692196A47B7002B5811 /* InfoPlist.strings in Resources */ = {isa = PBXBuildFile; fileRef = 4DBA7690196A47B7002B5811 /* InfoPlist.strings */; };
		4DBA7694196A47B7002B5811 /* CongresoAbiertoTests.m in Sources */ = {isa = PBXBuildFile; fileRef = 4DBA7693196A47B7002B5811 /* CongresoAbiertoTests.m */; };
		4DBA76B0196A4819002B5811 /* SASlideMenuContentSegue.m in Sources */ = {isa = PBXBuildFile; fileRef = 4DBA769F196A4819002B5811 /* SASlideMenuContentSegue.m */; };
		4DBA76B1196A4819002B5811 /* SASlideMenuLeftMenuSegue.m in Sources */ = {isa = PBXBuildFile; fileRef = 4DBA76A3196A4819002B5811 /* SASlideMenuLeftMenuSegue.m */; };
		4DBA76B2196A4819002B5811 /* SASlideMenuNavigationController.m in Sources */ = {isa = PBXBuildFile; fileRef = 4DBA76A5196A4819002B5811 /* SASlideMenuNavigationController.m */; };
		4DBA76B3196A4819002B5811 /* SASlideMenuPushSegue.m in Sources */ = {isa = PBXBuildFile; fileRef = 4DBA76A7196A4819002B5811 /* SASlideMenuPushSegue.m */; };
		4DBA76B4196A4819002B5811 /* SASlideMenuRightMenuSegue.m in Sources */ = {isa = PBXBuildFile; fileRef = 4DBA76A9196A4819002B5811 /* SASlideMenuRightMenuSegue.m */; };
		4DBA76B5196A4819002B5811 /* SASlideMenuRightMenuViewController.m in Sources */ = {isa = PBXBuildFile; fileRef = 4DBA76AB196A4819002B5811 /* SASlideMenuRightMenuViewController.m */; };
		4DBA76B6196A4819002B5811 /* SASlideMenuRootViewController.m in Sources */ = {isa = PBXBuildFile; fileRef = 4DBA76AD196A4819002B5811 /* SASlideMenuRootViewController.m */; };
		4DBA76B7196A4819002B5811 /* SASlideMenuViewController.m in Sources */ = {isa = PBXBuildFile; fileRef = 4DBA76AF196A4819002B5811 /* SASlideMenuViewController.m */; };
		4DBA76BB196A4847002B5811 /* MenuViewController.m in Sources */ = {isa = PBXBuildFile; fileRef = 4DBA76BA196A4847002B5811 /* MenuViewController.m */; };
		4DBA76BE196A5EAF002B5811 /* NewsViewController.m in Sources */ = {isa = PBXBuildFile; fileRef = 4DBA76BD196A5EAF002B5811 /* NewsViewController.m */; };
		4DBA76C1196A7E99002B5811 /* DiputadosViewController.m in Sources */ = {isa = PBXBuildFile; fileRef = 4DBA76C0196A7E99002B5811 /* DiputadosViewController.m */; };
		4DBA76C4196A8193002B5811 /* ComisionesViewController.m in Sources */ = {isa = PBXBuildFile; fileRef = 4DBA76C3196A8193002B5811 /* ComisionesViewController.m */; };
		4DBA76C7196A8287002B5811 /* ForoViewController.m in Sources */ = {isa = PBXBuildFile; fileRef = 4DBA76C6196A8287002B5811 /* ForoViewController.m */; };
		4DBA76CA196A8369002B5811 /* TwitterFeedViewController.m in Sources */ = {isa = PBXBuildFile; fileRef = 4DBA76C9196A8369002B5811 /* TwitterFeedViewController.m */; };
		4DBA76CD196A8454002B5811 /* ContactViewController.m in Sources */ = {isa = PBXBuildFile; fileRef = 4DBA76CC196A8454002B5811 /* ContactViewController.m */; };
		4DEB29C3196E35C900063263 /* DiputadoViewController.m in Sources */ = {isa = PBXBuildFile; fileRef = 4DEB29C2196E35C900063263 /* DiputadoViewController.m */; };
/* End PBXBuildFile section */

/* Begin PBXContainerItemProxy section */
		4DBA768B196A47B7002B5811 /* PBXContainerItemProxy */ = {
			isa = PBXContainerItemProxy;
			containerPortal = 4DBA765D196A47B6002B5811 /* Project object */;
			proxyType = 1;
			remoteGlobalIDString = 4DBA7664196A47B6002B5811;
			remoteInfo = CongresoAbierto;
		};
/* End PBXContainerItemProxy section */

/* Begin PBXFileReference section */
		4D278AAE19BCEEF7001B8968 /* MainMenuViewController.h */ = {isa = PBXFileReference; fileEncoding = 4; lastKnownFileType = sourcecode.c.h; path = MainMenuViewController.h; sourceTree = "<group>"; };
		4D278AAF19BCEEF7001B8968 /* MainMenuViewController.m */ = {isa = PBXFileReference; fileEncoding = 4; lastKnownFileType = sourcecode.c.objc; path = MainMenuViewController.m; sourceTree = "<group>"; };
		4D278AB219BD88E7001B8968 /* BSKeyboardControls.h */ = {isa = PBXFileReference; fileEncoding = 4; lastKnownFileType = sourcecode.c.h; path = BSKeyboardControls.h; sourceTree = "<group>"; };
		4D278AB319BD88E7001B8968 /* BSKeyboardControls.m */ = {isa = PBXFileReference; fileEncoding = 4; lastKnownFileType = sourcecode.c.objc; path = BSKeyboardControls.m; sourceTree = "<group>"; };
		4D278AB519BD88E7001B8968 /* da */ = {isa = PBXFileReference; lastKnownFileType = text.plist.strings; name = da; path = da.lproj/BSKeyboardControls.strings; sourceTree = "<group>"; };
		4D278AB619BD88E7001B8968 /* en */ = {isa = PBXFileReference; lastKnownFileType = text.plist.strings; name = en; path = en.lproj/BSKeyboardControls.strings; sourceTree = "<group>"; };
		4D278AB719BD88E7001B8968 /* es */ = {isa = PBXFileReference; lastKnownFileType = text.plist.strings; name = es; path = es.lproj/BSKeyboardControls.strings; sourceTree = "<group>"; };
		4D278AB819BD88E7001B8968 /* pt */ = {isa = PBXFileReference; lastKnownFileType = text.plist.strings; name = pt; path = pt.lproj/BSKeyboardControls.strings; sourceTree = "<group>"; };
		4D278AB919BD88E7001B8968 /* ru-RU */ = {isa = PBXFileReference; lastKnownFileType = text.plist.strings; name = "ru-RU"; path = "ru-RU.lproj/BSKeyboardControls.strings"; sourceTree = "<group>"; };
		4D278ABA19BD88E7001B8968 /* ru */ = {isa = PBXFileReference; lastKnownFileType = text.plist.strings; name = ru; path = ru.lproj/BSKeyboardControls.strings; sourceTree = "<group>"; };
		4D278ABB19BD88E7001B8968 /* sv */ = {isa = PBXFileReference; lastKnownFileType = text.plist.strings; name = sv; path = sv.lproj/BSKeyboardControls.strings; sourceTree = "<group>"; };
		4D278ABC19BD88E7001B8968 /* uk */ = {isa = PBXFileReference; lastKnownFileType = text.plist.strings; name = uk; path = uk.lproj/BSKeyboardControls.strings; sourceTree = "<group>"; };
		4D401F3E196BA97600482B05 /* SKSTableView.h */ = {isa = PBXFileReference; fileEncoding = 4; lastKnownFileType = sourcecode.c.h; path = SKSTableView.h; sourceTree = "<group>"; };
		4D401F3F196BA97600482B05 /* SKSTableView.m */ = {isa = PBXFileReference; fileEncoding = 4; lastKnownFileType = sourcecode.c.objc; path = SKSTableView.m; sourceTree = "<group>"; };
		4D401F40196BA97600482B05 /* SKSTableViewCell.h */ = {isa = PBXFileReference; fileEncoding = 4; lastKnownFileType = sourcecode.c.h; path = SKSTableViewCell.h; sourceTree = "<group>"; };
		4D401F41196BA97600482B05 /* SKSTableViewCell.m */ = {isa = PBXFileReference; fileEncoding = 4; lastKnownFileType = sourcecode.c.objc; path = SKSTableViewCell.m; sourceTree = "<group>"; };
		4D401F42196BA97600482B05 /* SKSTableViewCellIndicator.h */ = {isa = PBXFileReference; fileEncoding = 4; lastKnownFileType = sourcecode.c.h; path = SKSTableViewCellIndicator.h; sourceTree = "<group>"; };
		4D401F43196BA97600482B05 /* SKSTableViewCellIndicator.m */ = {isa = PBXFileReference; fileEncoding = 4; lastKnownFileType = sourcecode.c.objc; path = SKSTableViewCellIndicator.m; sourceTree = "<group>"; };
		4D401F47196BC81600482B05 /* expandableImage.png */ = {isa = PBXFileReference; lastKnownFileType = image.png; path = expandableImage.png; sourceTree = "<group>"; };
		4D401F48196BC81600482B05 /* expandableImage@2x.png */ = {isa = PBXFileReference; lastKnownFileType = image.png; path = "expandableImage@2x.png"; sourceTree = "<group>"; };
		4DA553E919BE38A5009DBD6D /* RedCiudadanaViewController.h */ = {isa = PBXFileReference; fileEncoding = 4; lastKnownFileType = sourcecode.c.h; path = RedCiudadanaViewController.h; sourceTree = "<group>"; };
		4DA553EA19BE38A5009DBD6D /* RedCiudadanaViewController.m */ = {isa = PBXFileReference; fileEncoding = 4; lastKnownFileType = sourcecode.c.objc; path = RedCiudadanaViewController.m; sourceTree = "<group>"; };
		4DA553EC19BE38B3009DBD6D /* ActivitiesViewController.h */ = {isa = PBXFileReference; fileEncoding = 4; lastKnownFileType = sourcecode.c.h; path = ActivitiesViewController.h; sourceTree = "<group>"; };
		4DA553ED19BE38B3009DBD6D /* ActivitiesViewController.m */ = {isa = PBXFileReference; fileEncoding = 4; lastKnownFileType = sourcecode.c.objc; path = ActivitiesViewController.m; sourceTree = "<group>"; };
		4DA553EF19BE6F0D009DBD6D /* DeputiesViewController.h */ = {isa = PBXFileReference; fileEncoding = 4; lastKnownFileType = sourcecode.c.h; path = DeputiesViewController.h; sourceTree = "<group>"; };
		4DA553F019BE6F0D009DBD6D /* DeputiesViewController.m */ = {isa = PBXFileReference; fileEncoding = 4; lastKnownFileType = sourcecode.c.objc; path = DeputiesViewController.m; sourceTree = "<group>"; };
		4DA553F319BE87D2009DBD6D /* DeputyCell.h */ = {isa = PBXFileReference; fileEncoding = 4; lastKnownFileType = sourcecode.c.h; path = DeputyCell.h; sourceTree = "<group>"; };
		4DA553F419BE87D2009DBD6D /* DeputyCell.m */ = {isa = PBXFileReference; fileEncoding = 4; lastKnownFileType = sourcecode.c.objc; path = DeputyCell.m; sourceTree = "<group>"; };
		4DA553F719BE888A009DBD6D /* MKAnnotationView+WebCache.h */ = {isa = PBXFileReference; fileEncoding = 4; lastKnownFileType = sourcecode.c.h; path = "MKAnnotationView+WebCache.h"; sourceTree = "<group>"; };
		4DA553F819BE888A009DBD6D /* MKAnnotationView+WebCache.m */ = {isa = PBXFileReference; fileEncoding = 4; lastKnownFileType = sourcecode.c.objc; path = "MKAnnotationView+WebCache.m"; sourceTree = "<group>"; };
		4DA553F919BE888A009DBD6D /* NSData+ImageContentType.h */ = {isa = PBXFileReference; fileEncoding = 4; lastKnownFileType = sourcecode.c.h; path = "NSData+ImageContentType.h"; sourceTree = "<group>"; };
		4DA553FA19BE888A009DBD6D /* NSData+ImageContentType.m */ = {isa = PBXFileReference; fileEncoding = 4; lastKnownFileType = sourcecode.c.objc; path = "NSData+ImageContentType.m"; sourceTree = "<group>"; };
		4DA553FB19BE888A009DBD6D /* SDImageCache.h */ = {isa = PBXFileReference; fileEncoding = 4; lastKnownFileType = sourcecode.c.h; path = SDImageCache.h; sourceTree = "<group>"; };
		4DA553FC19BE888A009DBD6D /* SDImageCache.m */ = {isa = PBXFileReference; fileEncoding = 4; lastKnownFileType = sourcecode.c.objc; path = SDImageCache.m; sourceTree = "<group>"; };
		4DA553FD19BE888A009DBD6D /* SDWebImageCompat.h */ = {isa = PBXFileReference; fileEncoding = 4; lastKnownFileType = sourcecode.c.h; path = SDWebImageCompat.h; sourceTree = "<group>"; };
		4DA553FE19BE888A009DBD6D /* SDWebImageCompat.m */ = {isa = PBXFileReference; fileEncoding = 4; lastKnownFileType = sourcecode.c.objc; path = SDWebImageCompat.m; sourceTree = "<group>"; };
		4DA553FF19BE888A009DBD6D /* SDWebImageDecoder.h */ = {isa = PBXFileReference; fileEncoding = 4; lastKnownFileType = sourcecode.c.h; path = SDWebImageDecoder.h; sourceTree = "<group>"; };
		4DA5540019BE888A009DBD6D /* SDWebImageDecoder.m */ = {isa = PBXFileReference; fileEncoding = 4; lastKnownFileType = sourcecode.c.objc; path = SDWebImageDecoder.m; sourceTree = "<group>"; };
		4DA5540119BE888A009DBD6D /* SDWebImageDownloader.h */ = {isa = PBXFileReference; fileEncoding = 4; lastKnownFileType = sourcecode.c.h; path = SDWebImageDownloader.h; sourceTree = "<group>"; };
		4DA5540219BE888A009DBD6D /* SDWebImageDownloader.m */ = {isa = PBXFileReference; fileEncoding = 4; lastKnownFileType = sourcecode.c.objc; path = SDWebImageDownloader.m; sourceTree = "<group>"; };
		4DA5540319BE888A009DBD6D /* SDWebImageDownloaderOperation.h */ = {isa = PBXFileReference; fileEncoding = 4; lastKnownFileType = sourcecode.c.h; path = SDWebImageDownloaderOperation.h; sourceTree = "<group>"; };
		4DA5540419BE888A009DBD6D /* SDWebImageDownloaderOperation.m */ = {isa = PBXFileReference; fileEncoding = 4; lastKnownFileType = sourcecode.c.objc; path = SDWebImageDownloaderOperation.m; sourceTree = "<group>"; };
		4DA5540519BE888A009DBD6D /* SDWebImageManager.h */ = {isa = PBXFileReference; fileEncoding = 4; lastKnownFileType = sourcecode.c.h; path = SDWebImageManager.h; sourceTree = "<group>"; };
		4DA5540619BE888A009DBD6D /* SDWebImageManager.m */ = {isa = PBXFileReference; fileEncoding = 4; lastKnownFileType = sourcecode.c.objc; path = SDWebImageManager.m; sourceTree = "<group>"; };
		4DA5540719BE888A009DBD6D /* SDWebImageOperation.h */ = {isa = PBXFileReference; fileEncoding = 4; lastKnownFileType = sourcecode.c.h; path = SDWebImageOperation.h; sourceTree = "<group>"; };
		4DA5540819BE888A009DBD6D /* SDWebImagePrefetcher.h */ = {isa = PBXFileReference; fileEncoding = 4; lastKnownFileType = sourcecode.c.h; path = SDWebImagePrefetcher.h; sourceTree = "<group>"; };
		4DA5540919BE888A009DBD6D /* SDWebImagePrefetcher.m */ = {isa = PBXFileReference; fileEncoding = 4; lastKnownFileType = sourcecode.c.objc; path = SDWebImagePrefetcher.m; sourceTree = "<group>"; };
		4DA5540A19BE888A009DBD6D /* UIButton+WebCache.h */ = {isa = PBXFileReference; fileEncoding = 4; lastKnownFileType = sourcecode.c.h; path = "UIButton+WebCache.h"; sourceTree = "<group>"; };
		4DA5540B19BE888A009DBD6D /* UIButton+WebCache.m */ = {isa = PBXFileReference; fileEncoding = 4; lastKnownFileType = sourcecode.c.objc; path = "UIButton+WebCache.m"; sourceTree = "<group>"; };
		4DA5540C19BE888A009DBD6D /* UIImage+GIF.h */ = {isa = PBXFileReference; fileEncoding = 4; lastKnownFileType = sourcecode.c.h; path = "UIImage+GIF.h"; sourceTree = "<group>"; };
		4DA5540D19BE888A009DBD6D /* UIImage+GIF.m */ = {isa = PBXFileReference; fileEncoding = 4; lastKnownFileType = sourcecode.c.objc; path = "UIImage+GIF.m"; sourceTree = "<group>"; };
		4DA5540E19BE888A009DBD6D /* UIImage+MultiFormat.h */ = {isa = PBXFileReference; fileEncoding = 4; lastKnownFileType = sourcecode.c.h; path = "UIImage+MultiFormat.h"; sourceTree = "<group>"; };
		4DA5540F19BE888A009DBD6D /* UIImage+MultiFormat.m */ = {isa = PBXFileReference; fileEncoding = 4; lastKnownFileType = sourcecode.c.objc; path = "UIImage+MultiFormat.m"; sourceTree = "<group>"; };
		4DA5541019BE888A009DBD6D /* UIImage+WebP.h */ = {isa = PBXFileReference; fileEncoding = 4; lastKnownFileType = sourcecode.c.h; path = "UIImage+WebP.h"; sourceTree = "<group>"; };
		4DA5541119BE888A009DBD6D /* UIImage+WebP.m */ = {isa = PBXFileReference; fileEncoding = 4; lastKnownFileType = sourcecode.c.objc; path = "UIImage+WebP.m"; sourceTree = "<group>"; };
		4DA5541219BE888A009DBD6D /* UIImageView+HighlightedWebCache.h */ = {isa = PBXFileReference; fileEncoding = 4; lastKnownFileType = sourcecode.c.h; path = "UIImageView+HighlightedWebCache.h"; sourceTree = "<group>"; };
		4DA5541319BE888A009DBD6D /* UIImageView+HighlightedWebCache.m */ = {isa = PBXFileReference; fileEncoding = 4; lastKnownFileType = sourcecode.c.objc; path = "UIImageView+HighlightedWebCache.m"; sourceTree = "<group>"; };
		4DA5541419BE888A009DBD6D /* UIImageView+WebCache.h */ = {isa = PBXFileReference; fileEncoding = 4; lastKnownFileType = sourcecode.c.h; path = "UIImageView+WebCache.h"; sourceTree = "<group>"; };
		4DA5541519BE888A009DBD6D /* UIImageView+WebCache.m */ = {isa = PBXFileReference; fileEncoding = 4; lastKnownFileType = sourcecode.c.objc; path = "UIImageView+WebCache.m"; sourceTree = "<group>"; };
		4DA5541619BE888A009DBD6D /* UIView+WebCacheOperation.h */ = {isa = PBXFileReference; fileEncoding = 4; lastKnownFileType = sourcecode.c.h; path = "UIView+WebCacheOperation.h"; sourceTree = "<group>"; };
		4DA5541719BE888A009DBD6D /* UIView+WebCacheOperation.m */ = {isa = PBXFileReference; fileEncoding = 4; lastKnownFileType = sourcecode.c.objc; path = "UIView+WebCacheOperation.m"; sourceTree = "<group>"; };
		4DA5542819BEBE5E009DBD6D /* Commission.h */ = {isa = PBXFileReference; fileEncoding = 4; lastKnownFileType = sourcecode.c.h; path = Commission.h; sourceTree = "<group>"; };
		4DA5542919BEBE5E009DBD6D /* Commission.m */ = {isa = PBXFileReference; fileEncoding = 4; lastKnownFileType = sourcecode.c.objc; path = Commission.m; sourceTree = "<group>"; };
		4DA5542B19BECEEE009DBD6D /* MessageUI.framework */ = {isa = PBXFileReference; lastKnownFileType = wrapper.framework; name = MessageUI.framework; path = System/Library/Frameworks/MessageUI.framework; sourceTree = SDKROOT; };
		4DB4C05A196CB87400494F29 /* Deputy.h */ = {isa = PBXFileReference; fileEncoding = 4; lastKnownFileType = sourcecode.c.h; path = Deputy.h; sourceTree = "<group>"; };
		4DB4C05B196CB87400494F29 /* Deputy.m */ = {isa = PBXFileReference; fileEncoding = 4; lastKnownFileType = sourcecode.c.objc; path = Deputy.m; sourceTree = "<group>"; };
		4DB4C05D196CE7CE00494F29 /* DataManager.h */ = {isa = PBXFileReference; fileEncoding = 4; lastKnownFileType = sourcecode.c.h; path = DataManager.h; sourceTree = "<group>"; };
		4DB4C05E196CE7CE00494F29 /* DataManager.m */ = {isa = PBXFileReference; fileEncoding = 4; lastKnownFileType = sourcecode.c.objc; path = DataManager.m; sourceTree = "<group>"; };
		4DB4C060196CEE9F00494F29 /* InitialViewController.h */ = {isa = PBXFileReference; fileEncoding = 4; lastKnownFileType = sourcecode.c.h; path = InitialViewController.h; sourceTree = "<group>"; };
		4DB4C061196CEE9F00494F29 /* InitialViewController.m */ = {isa = PBXFileReference; fileEncoding = 4; lastKnownFileType = sourcecode.c.objc; path = InitialViewController.m; sourceTree = "<group>"; };
		4DBA7665196A47B6002B5811 /* CongresoAbierto.app */ = {isa = PBXFileReference; explicitFileType = wrapper.application; includeInIndex = 0; path = CongresoAbierto.app; sourceTree = BUILT_PRODUCTS_DIR; };
		4DBA7668196A47B6002B5811 /* Foundation.framework */ = {isa = PBXFileReference; lastKnownFileType = wrapper.framework; name = Foundation.framework; path = System/Library/Frameworks/Foundation.framework; sourceTree = SDKROOT; };
		4DBA766A196A47B6002B5811 /* CoreGraphics.framework */ = {isa = PBXFileReference; lastKnownFileType = wrapper.framework; name = CoreGraphics.framework; path = System/Library/Frameworks/CoreGraphics.framework; sourceTree = SDKROOT; };
		4DBA766C196A47B6002B5811 /* UIKit.framework */ = {isa = PBXFileReference; lastKnownFileType = wrapper.framework; name = UIKit.framework; path = System/Library/Frameworks/UIKit.framework; sourceTree = SDKROOT; };
		4DBA7670196A47B6002B5811 /* CongresoAbierto-Info.plist */ = {isa = PBXFileReference; lastKnownFileType = text.plist.xml; path = "CongresoAbierto-Info.plist"; sourceTree = "<group>"; };
		4DBA7672196A47B6002B5811 /* en */ = {isa = PBXFileReference; lastKnownFileType = text.plist.strings; name = en; path = en.lproj/InfoPlist.strings; sourceTree = "<group>"; };
		4DBA7674196A47B6002B5811 /* main.m */ = {isa = PBXFileReference; lastKnownFileType = sourcecode.c.objc; path = main.m; sourceTree = "<group>"; };
		4DBA7676196A47B6002B5811 /* CongresoAbierto-Prefix.pch */ = {isa = PBXFileReference; lastKnownFileType = sourcecode.c.h; path = "CongresoAbierto-Prefix.pch"; sourceTree = "<group>"; };
		4DBA7677196A47B6002B5811 /* AppDelegate.h */ = {isa = PBXFileReference; lastKnownFileType = sourcecode.c.h; path = AppDelegate.h; sourceTree = "<group>"; };
		4DBA7678196A47B6002B5811 /* AppDelegate.m */ = {isa = PBXFileReference; lastKnownFileType = sourcecode.c.objc; path = AppDelegate.m; sourceTree = "<group>"; };
		4DBA767B196A47B6002B5811 /* Base */ = {isa = PBXFileReference; lastKnownFileType = file.storyboard; name = Base; path = Base.lproj/Main.storyboard; sourceTree = "<group>"; };
		4DBA767D196A47B6002B5811 /* ViewController.h */ = {isa = PBXFileReference; lastKnownFileType = sourcecode.c.h; path = ViewController.h; sourceTree = "<group>"; };
		4DBA767E196A47B6002B5811 /* ViewController.m */ = {isa = PBXFileReference; lastKnownFileType = sourcecode.c.objc; path = ViewController.m; sourceTree = "<group>"; };
		4DBA7680196A47B6002B5811 /* Images.xcassets */ = {isa = PBXFileReference; lastKnownFileType = folder.assetcatalog; path = Images.xcassets; sourceTree = "<group>"; };
		4DBA7686196A47B7002B5811 /* CongresoAbiertoTests.xctest */ = {isa = PBXFileReference; explicitFileType = wrapper.cfbundle; includeInIndex = 0; path = CongresoAbiertoTests.xctest; sourceTree = BUILT_PRODUCTS_DIR; };
		4DBA7687196A47B7002B5811 /* XCTest.framework */ = {isa = PBXFileReference; lastKnownFileType = wrapper.framework; name = XCTest.framework; path = Library/Frameworks/XCTest.framework; sourceTree = DEVELOPER_DIR; };
		4DBA768F196A47B7002B5811 /* CongresoAbiertoTests-Info.plist */ = {isa = PBXFileReference; lastKnownFileType = text.plist.xml; path = "CongresoAbiertoTests-Info.plist"; sourceTree = "<group>"; };
		4DBA7691196A47B7002B5811 /* en */ = {isa = PBXFileReference; lastKnownFileType = text.plist.strings; name = en; path = en.lproj/InfoPlist.strings; sourceTree = "<group>"; };
		4DBA7693196A47B7002B5811 /* CongresoAbiertoTests.m */ = {isa = PBXFileReference; lastKnownFileType = sourcecode.c.objc; path = CongresoAbiertoTests.m; sourceTree = "<group>"; };
		4DBA769E196A4819002B5811 /* SASlideMenuContentSegue.h */ = {isa = PBXFileReference; fileEncoding = 4; lastKnownFileType = sourcecode.c.h; path = SASlideMenuContentSegue.h; sourceTree = "<group>"; };
		4DBA769F196A4819002B5811 /* SASlideMenuContentSegue.m */ = {isa = PBXFileReference; fileEncoding = 4; lastKnownFileType = sourcecode.c.objc; path = SASlideMenuContentSegue.m; sourceTree = "<group>"; };
		4DBA76A0196A4819002B5811 /* SASlideMenuDataSource.h */ = {isa = PBXFileReference; fileEncoding = 4; lastKnownFileType = sourcecode.c.h; path = SASlideMenuDataSource.h; sourceTree = "<group>"; };
		4DBA76A1196A4819002B5811 /* SASlideMenuDelegate.h */ = {isa = PBXFileReference; fileEncoding = 4; lastKnownFileType = sourcecode.c.h; path = SASlideMenuDelegate.h; sourceTree = "<group>"; };
		4DBA76A2196A4819002B5811 /* SASlideMenuLeftMenuSegue.h */ = {isa = PBXFileReference; fileEncoding = 4; lastKnownFileType = sourcecode.c.h; path = SASlideMenuLeftMenuSegue.h; sourceTree = "<group>"; };
		4DBA76A3196A4819002B5811 /* SASlideMenuLeftMenuSegue.m */ = {isa = PBXFileReference; fileEncoding = 4; lastKnownFileType = sourcecode.c.objc; path = SASlideMenuLeftMenuSegue.m; sourceTree = "<group>"; };
		4DBA76A4196A4819002B5811 /* SASlideMenuNavigationController.h */ = {isa = PBXFileReference; fileEncoding = 4; lastKnownFileType = sourcecode.c.h; path = SASlideMenuNavigationController.h; sourceTree = "<group>"; };
		4DBA76A5196A4819002B5811 /* SASlideMenuNavigationController.m */ = {isa = PBXFileReference; fileEncoding = 4; lastKnownFileType = sourcecode.c.objc; path = SASlideMenuNavigationController.m; sourceTree = "<group>"; };
		4DBA76A6196A4819002B5811 /* SASlideMenuPushSegue.h */ = {isa = PBXFileReference; fileEncoding = 4; lastKnownFileType = sourcecode.c.h; path = SASlideMenuPushSegue.h; sourceTree = "<group>"; };
		4DBA76A7196A4819002B5811 /* SASlideMenuPushSegue.m */ = {isa = PBXFileReference; fileEncoding = 4; lastKnownFileType = sourcecode.c.objc; path = SASlideMenuPushSegue.m; sourceTree = "<group>"; };
		4DBA76A8196A4819002B5811 /* SASlideMenuRightMenuSegue.h */ = {isa = PBXFileReference; fileEncoding = 4; lastKnownFileType = sourcecode.c.h; path = SASlideMenuRightMenuSegue.h; sourceTree = "<group>"; };
		4DBA76A9196A4819002B5811 /* SASlideMenuRightMenuSegue.m */ = {isa = PBXFileReference; fileEncoding = 4; lastKnownFileType = sourcecode.c.objc; path = SASlideMenuRightMenuSegue.m; sourceTree = "<group>"; };
		4DBA76AA196A4819002B5811 /* SASlideMenuRightMenuViewController.h */ = {isa = PBXFileReference; fileEncoding = 4; lastKnownFileType = sourcecode.c.h; path = SASlideMenuRightMenuViewController.h; sourceTree = "<group>"; };
		4DBA76AB196A4819002B5811 /* SASlideMenuRightMenuViewController.m */ = {isa = PBXFileReference; fileEncoding = 4; lastKnownFileType = sourcecode.c.objc; path = SASlideMenuRightMenuViewController.m; sourceTree = "<group>"; };
		4DBA76AC196A4819002B5811 /* SASlideMenuRootViewController.h */ = {isa = PBXFileReference; fileEncoding = 4; lastKnownFileType = sourcecode.c.h; path = SASlideMenuRootViewController.h; sourceTree = "<group>"; };
		4DBA76AD196A4819002B5811 /* SASlideMenuRootViewController.m */ = {isa = PBXFileReference; fileEncoding = 4; lastKnownFileType = sourcecode.c.objc; path = SASlideMenuRootViewController.m; sourceTree = "<group>"; };
		4DBA76AE196A4819002B5811 /* SASlideMenuViewController.h */ = {isa = PBXFileReference; fileEncoding = 4; lastKnownFileType = sourcecode.c.h; path = SASlideMenuViewController.h; sourceTree = "<group>"; };
		4DBA76AF196A4819002B5811 /* SASlideMenuViewController.m */ = {isa = PBXFileReference; fileEncoding = 4; lastKnownFileType = sourcecode.c.objc; path = SASlideMenuViewController.m; sourceTree = "<group>"; };
		4DBA76B9196A4847002B5811 /* MenuViewController.h */ = {isa = PBXFileReference; fileEncoding = 4; lastKnownFileType = sourcecode.c.h; path = MenuViewController.h; sourceTree = "<group>"; };
		4DBA76BA196A4847002B5811 /* MenuViewController.m */ = {isa = PBXFileReference; fileEncoding = 4; lastKnownFileType = sourcecode.c.objc; path = MenuViewController.m; sourceTree = "<group>"; };
		4DBA76BC196A5EAF002B5811 /* NewsViewController.h */ = {isa = PBXFileReference; fileEncoding = 4; lastKnownFileType = sourcecode.c.h; path = NewsViewController.h; sourceTree = "<group>"; };
		4DBA76BD196A5EAF002B5811 /* NewsViewController.m */ = {isa = PBXFileReference; fileEncoding = 4; lastKnownFileType = sourcecode.c.objc; path = NewsViewController.m; sourceTree = "<group>"; };
		4DBA76BF196A7E99002B5811 /* DiputadosViewController.h */ = {isa = PBXFileReference; fileEncoding = 4; lastKnownFileType = sourcecode.c.h; path = DiputadosViewController.h; sourceTree = "<group>"; };
		4DBA76C0196A7E99002B5811 /* DiputadosViewController.m */ = {isa = PBXFileReference; fileEncoding = 4; lastKnownFileType = sourcecode.c.objc; path = DiputadosViewController.m; sourceTree = "<group>"; };
		4DBA76C2196A8193002B5811 /* ComisionesViewController.h */ = {isa = PBXFileReference; fileEncoding = 4; lastKnownFileType = sourcecode.c.h; path = ComisionesViewController.h; sourceTree = "<group>"; };
		4DBA76C3196A8193002B5811 /* ComisionesViewController.m */ = {isa = PBXFileReference; fileEncoding = 4; lastKnownFileType = sourcecode.c.objc; path = ComisionesViewController.m; sourceTree = "<group>"; };
		4DBA76C5196A8287002B5811 /* ForoViewController.h */ = {isa = PBXFileReference; fileEncoding = 4; lastKnownFileType = sourcecode.c.h; path = ForoViewController.h; sourceTree = "<group>"; };
		4DBA76C6196A8287002B5811 /* ForoViewController.m */ = {isa = PBXFileReference; fileEncoding = 4; lastKnownFileType = sourcecode.c.objc; path = ForoViewController.m; sourceTree = "<group>"; };
		4DBA76C8196A8369002B5811 /* TwitterFeedViewController.h */ = {isa = PBXFileReference; fileEncoding = 4; lastKnownFileType = sourcecode.c.h; path = TwitterFeedViewController.h; sourceTree = "<group>"; };
		4DBA76C9196A8369002B5811 /* TwitterFeedViewController.m */ = {isa = PBXFileReference; fileEncoding = 4; lastKnownFileType = sourcecode.c.objc; path = TwitterFeedViewController.m; sourceTree = "<group>"; };
		4DBA76CB196A8454002B5811 /* ContactViewController.h */ = {isa = PBXFileReference; fileEncoding = 4; lastKnownFileType = sourcecode.c.h; path = ContactViewController.h; sourceTree = "<group>"; };
		4DBA76CC196A8454002B5811 /* ContactViewController.m */ = {isa = PBXFileReference; fileEncoding = 4; lastKnownFileType = sourcecode.c.objc; path = ContactViewController.m; sourceTree = "<group>"; };
		4DEB29C1196E35C900063263 /* DiputadoViewController.h */ = {isa = PBXFileReference; fileEncoding = 4; lastKnownFileType = sourcecode.c.h; path = DiputadoViewController.h; sourceTree = "<group>"; };
		4DEB29C2196E35C900063263 /* DiputadoViewController.m */ = {isa = PBXFileReference; fileEncoding = 4; lastKnownFileType = sourcecode.c.objc; path = DiputadoViewController.m; sourceTree = "<group>"; };
/* End PBXFileReference section */

/* Begin PBXFrameworksBuildPhase section */
		4DBA7662196A47B6002B5811 /* Frameworks */ = {
			isa = PBXFrameworksBuildPhase;
			buildActionMask = 2147483647;
			files = (
				4DA5542C19BECEEE009DBD6D /* MessageUI.framework in Frameworks */,
				4DBA766B196A47B6002B5811 /* CoreGraphics.framework in Frameworks */,
				4DBA766D196A47B6002B5811 /* UIKit.framework in Frameworks */,
				4DBA7669196A47B6002B5811 /* Foundation.framework in Frameworks */,
			);
			runOnlyForDeploymentPostprocessing = 0;
		};
		4DBA7683196A47B7002B5811 /* Frameworks */ = {
			isa = PBXFrameworksBuildPhase;
			buildActionMask = 2147483647;
			files = (
				4DBA7688196A47B7002B5811 /* XCTest.framework in Frameworks */,
				4DBA768A196A47B7002B5811 /* UIKit.framework in Frameworks */,
				4DBA7689196A47B7002B5811 /* Foundation.framework in Frameworks */,
			);
			runOnlyForDeploymentPostprocessing = 0;
		};
/* End PBXFrameworksBuildPhase section */

/* Begin PBXGroup section */
		4D278AB119BD88E7001B8968 /* BSKeyboardControls */ = {
			isa = PBXGroup;
			children = (
				4D278AB219BD88E7001B8968 /* BSKeyboardControls.h */,
				4D278AB319BD88E7001B8968 /* BSKeyboardControls.m */,
				4D278AB419BD88E7001B8968 /* BSKeyboardControls.strings */,
			);
			name = BSKeyboardControls;
			path = CongresoAbierto/Frameworks/BSKeyboardControls;
			sourceTree = "<group>";
		};
		4D401F3D196BA97600482B05 /* SKSTableView */ = {
			isa = PBXGroup;
			children = (
				4D401F3E196BA97600482B05 /* SKSTableView.h */,
				4D401F3F196BA97600482B05 /* SKSTableView.m */,
				4D401F40196BA97600482B05 /* SKSTableViewCell.h */,
				4D401F41196BA97600482B05 /* SKSTableViewCell.m */,
				4D401F42196BA97600482B05 /* SKSTableViewCellIndicator.h */,
				4D401F43196BA97600482B05 /* SKSTableViewCellIndicator.m */,
				4D401F47196BC81600482B05 /* expandableImage.png */,
				4D401F48196BC81600482B05 /* expandableImage@2x.png */,
			);
			path = SKSTableView;
			sourceTree = "<group>";
		};
		4DA553F219BE87B6009DBD6D /* Cells */ = {
			isa = PBXGroup;
			children = (
				4DA553F319BE87D2009DBD6D /* DeputyCell.h */,
				4DA553F419BE87D2009DBD6D /* DeputyCell.m */,
			);
			path = Cells;
			sourceTree = "<group>";
		};
		4DA553F619BE888A009DBD6D /* SDWebImage */ = {
			isa = PBXGroup;
			children = (
				4DA553F719BE888A009DBD6D /* MKAnnotationView+WebCache.h */,
				4DA553F819BE888A009DBD6D /* MKAnnotationView+WebCache.m */,
				4DA553F919BE888A009DBD6D /* NSData+ImageContentType.h */,
				4DA553FA19BE888A009DBD6D /* NSData+ImageContentType.m */,
				4DA553FB19BE888A009DBD6D /* SDImageCache.h */,
				4DA553FC19BE888A009DBD6D /* SDImageCache.m */,
				4DA553FD19BE888A009DBD6D /* SDWebImageCompat.h */,
				4DA553FE19BE888A009DBD6D /* SDWebImageCompat.m */,
				4DA553FF19BE888A009DBD6D /* SDWebImageDecoder.h */,
				4DA5540019BE888A009DBD6D /* SDWebImageDecoder.m */,
				4DA5540119BE888A009DBD6D /* SDWebImageDownloader.h */,
				4DA5540219BE888A009DBD6D /* SDWebImageDownloader.m */,
				4DA5540319BE888A009DBD6D /* SDWebImageDownloaderOperation.h */,
				4DA5540419BE888A009DBD6D /* SDWebImageDownloaderOperation.m */,
				4DA5540519BE888A009DBD6D /* SDWebImageManager.h */,
				4DA5540619BE888A009DBD6D /* SDWebImageManager.m */,
				4DA5540719BE888A009DBD6D /* SDWebImageOperation.h */,
				4DA5540819BE888A009DBD6D /* SDWebImagePrefetcher.h */,
				4DA5540919BE888A009DBD6D /* SDWebImagePrefetcher.m */,
				4DA5540A19BE888A009DBD6D /* UIButton+WebCache.h */,
				4DA5540B19BE888A009DBD6D /* UIButton+WebCache.m */,
				4DA5540C19BE888A009DBD6D /* UIImage+GIF.h */,
				4DA5540D19BE888A009DBD6D /* UIImage+GIF.m */,
				4DA5540E19BE888A009DBD6D /* UIImage+MultiFormat.h */,
				4DA5540F19BE888A009DBD6D /* UIImage+MultiFormat.m */,
				4DA5541019BE888A009DBD6D /* UIImage+WebP.h */,
				4DA5541119BE888A009DBD6D /* UIImage+WebP.m */,
				4DA5541219BE888A009DBD6D /* UIImageView+HighlightedWebCache.h */,
				4DA5541319BE888A009DBD6D /* UIImageView+HighlightedWebCache.m */,
				4DA5541419BE888A009DBD6D /* UIImageView+WebCache.h */,
				4DA5541519BE888A009DBD6D /* UIImageView+WebCache.m */,
				4DA5541619BE888A009DBD6D /* UIView+WebCacheOperation.h */,
				4DA5541719BE888A009DBD6D /* UIView+WebCacheOperation.m */,
			);
			name = SDWebImage;
			path = CongresoAbierto/Frameworks/SDWebImage;
			sourceTree = "<group>";
		};
		4DB4C059196CB85A00494F29 /* Classes */ = {
			isa = PBXGroup;
			children = (
				4DB4C05A196CB87400494F29 /* Deputy.h */,
				4DB4C05B196CB87400494F29 /* Deputy.m */,
				4DA5542819BEBE5E009DBD6D /* Commission.h */,
				4DA5542919BEBE5E009DBD6D /* Commission.m */,
			);
			path = Classes;
			sourceTree = "<group>";
		};
		4DBA765C196A47B6002B5811 = {
			isa = PBXGroup;
			children = (
				4DBA766E196A47B6002B5811 /* CongresoAbierto */,
				4DBA768D196A47B7002B5811 /* CongresoAbiertoTests */,
				4DBA7667196A47B6002B5811 /* Frameworks */,
				4DBA7666196A47B6002B5811 /* Products */,
			);
			sourceTree = "<group>";
		};
		4DBA7666196A47B6002B5811 /* Products */ = {
			isa = PBXGroup;
			children = (
				4DBA7665196A47B6002B5811 /* CongresoAbierto.app */,
				4DBA7686196A47B7002B5811 /* CongresoAbiertoTests.xctest */,
			);
			name = Products;
			sourceTree = "<group>";
		};
		4DBA7667196A47B6002B5811 /* Frameworks */ = {
			isa = PBXGroup;
			children = (
				4DA5542B19BECEEE009DBD6D /* MessageUI.framework */,
				4DA553F619BE888A009DBD6D /* SDWebImage */,
				4D278AB119BD88E7001B8968 /* BSKeyboardControls */,
				4D401F3D196BA97600482B05 /* SKSTableView */,
				4DBA769D196A4819002B5811 /* SASlideMenu */,
				4DBA7668196A47B6002B5811 /* Foundation.framework */,
				4DBA766A196A47B6002B5811 /* CoreGraphics.framework */,
				4DBA766C196A47B6002B5811 /* UIKit.framework */,
				4DBA7687196A47B7002B5811 /* XCTest.framework */,
			);
			name = Frameworks;
			sourceTree = "<group>";
		};
		4DBA766E196A47B6002B5811 /* CongresoAbierto */ = {
			isa = PBXGroup;
			children = (
				4DA553F219BE87B6009DBD6D /* Cells */,
				4DB4C059196CB85A00494F29 /* Classes */,
				4DBA76B8196A4837002B5811 /* ViewControllers */,
				4DBA7677196A47B6002B5811 /* AppDelegate.h */,
				4DBA7678196A47B6002B5811 /* AppDelegate.m */,
				4DBA767A196A47B6002B5811 /* Main.storyboard */,
				4DBA767D196A47B6002B5811 /* ViewController.h */,
				4DBA767E196A47B6002B5811 /* ViewController.m */,
				4DBA7680196A47B6002B5811 /* Images.xcassets */,
				4DBA766F196A47B6002B5811 /* Supporting Files */,
				4DB4C05D196CE7CE00494F29 /* DataManager.h */,
				4DB4C05E196CE7CE00494F29 /* DataManager.m */,
			);
			path = CongresoAbierto;
			sourceTree = "<group>";
		};
		4DBA766F196A47B6002B5811 /* Supporting Files */ = {
			isa = PBXGroup;
			children = (
				4DBA7670196A47B6002B5811 /* CongresoAbierto-Info.plist */,
				4DBA7671196A47B6002B5811 /* InfoPlist.strings */,
				4DBA7674196A47B6002B5811 /* main.m */,
				4DBA7676196A47B6002B5811 /* CongresoAbierto-Prefix.pch */,
			);
			name = "Supporting Files";
			sourceTree = "<group>";
		};
		4DBA768D196A47B7002B5811 /* CongresoAbiertoTests */ = {
			isa = PBXGroup;
			children = (
				4DBA7693196A47B7002B5811 /* CongresoAbiertoTests.m */,
				4DBA768E196A47B7002B5811 /* Supporting Files */,
			);
			path = CongresoAbiertoTests;
			sourceTree = "<group>";
		};
		4DBA768E196A47B7002B5811 /* Supporting Files */ = {
			isa = PBXGroup;
			children = (
				4DBA768F196A47B7002B5811 /* CongresoAbiertoTests-Info.plist */,
				4DBA7690196A47B7002B5811 /* InfoPlist.strings */,
			);
			name = "Supporting Files";
			sourceTree = "<group>";
		};
		4DBA769D196A4819002B5811 /* SASlideMenu */ = {
			isa = PBXGroup;
			children = (
				4DBA769E196A4819002B5811 /* SASlideMenuContentSegue.h */,
				4DBA769F196A4819002B5811 /* SASlideMenuContentSegue.m */,
				4DBA76A0196A4819002B5811 /* SASlideMenuDataSource.h */,
				4DBA76A1196A4819002B5811 /* SASlideMenuDelegate.h */,
				4DBA76A2196A4819002B5811 /* SASlideMenuLeftMenuSegue.h */,
				4DBA76A3196A4819002B5811 /* SASlideMenuLeftMenuSegue.m */,
				4DBA76A4196A4819002B5811 /* SASlideMenuNavigationController.h */,
				4DBA76A5196A4819002B5811 /* SASlideMenuNavigationController.m */,
				4DBA76A6196A4819002B5811 /* SASlideMenuPushSegue.h */,
				4DBA76A7196A4819002B5811 /* SASlideMenuPushSegue.m */,
				4DBA76A8196A4819002B5811 /* SASlideMenuRightMenuSegue.h */,
				4DBA76A9196A4819002B5811 /* SASlideMenuRightMenuSegue.m */,
				4DBA76AA196A4819002B5811 /* SASlideMenuRightMenuViewController.h */,
				4DBA76AB196A4819002B5811 /* SASlideMenuRightMenuViewController.m */,
				4DBA76AC196A4819002B5811 /* SASlideMenuRootViewController.h */,
				4DBA76AD196A4819002B5811 /* SASlideMenuRootViewController.m */,
				4DBA76AE196A4819002B5811 /* SASlideMenuViewController.h */,
				4DBA76AF196A4819002B5811 /* SASlideMenuViewController.m */,
			);
			name = SASlideMenu;
			path = CongresoAbierto/Frameworks/SASlideMenu;
			sourceTree = "<group>";
		};
		4DBA76B8196A4837002B5811 /* ViewControllers */ = {
			isa = PBXGroup;
			children = (
				4DBA76B9196A4847002B5811 /* MenuViewController.h */,
				4DBA76BA196A4847002B5811 /* MenuViewController.m */,
				4DBA76BC196A5EAF002B5811 /* NewsViewController.h */,
				4DBA76BD196A5EAF002B5811 /* NewsViewController.m */,
				4DEB29C1196E35C900063263 /* DiputadoViewController.h */,
				4DEB29C2196E35C900063263 /* DiputadoViewController.m */,
				4DBA76BF196A7E99002B5811 /* DiputadosViewController.h */,
				4DBA76C0196A7E99002B5811 /* DiputadosViewController.m */,
				4DBA76C2196A8193002B5811 /* ComisionesViewController.h */,
				4DBA76C3196A8193002B5811 /* ComisionesViewController.m */,
				4DBA76C5196A8287002B5811 /* ForoViewController.h */,
				4DBA76C6196A8287002B5811 /* ForoViewController.m */,
				4DBA76C8196A8369002B5811 /* TwitterFeedViewController.h */,
				4DBA76C9196A8369002B5811 /* TwitterFeedViewController.m */,
				4DBA76CB196A8454002B5811 /* ContactViewController.h */,
				4DBA76CC196A8454002B5811 /* ContactViewController.m */,
				4DB4C060196CEE9F00494F29 /* InitialViewController.h */,
				4DB4C061196CEE9F00494F29 /* InitialViewController.m */,
				4D278AAE19BCEEF7001B8968 /* MainMenuViewController.h */,
				4D278AAF19BCEEF7001B8968 /* MainMenuViewController.m */,
				4DA553E919BE38A5009DBD6D /* RedCiudadanaViewController.h */,
				4DA553EA19BE38A5009DBD6D /* RedCiudadanaViewController.m */,
				4DA553EC19BE38B3009DBD6D /* ActivitiesViewController.h */,
				4DA553ED19BE38B3009DBD6D /* ActivitiesViewController.m */,
				4DA553EF19BE6F0D009DBD6D /* DeputiesViewController.h */,
				4DA553F019BE6F0D009DBD6D /* DeputiesViewController.m */,
			);
			path = ViewControllers;
			sourceTree = "<group>";
		};
/* End PBXGroup section */

/* Begin PBXNativeTarget section */
		4DBA7664196A47B6002B5811 /* CongresoAbierto */ = {
			isa = PBXNativeTarget;
			buildConfigurationList = 4DBA7697196A47B7002B5811 /* Build configuration list for PBXNativeTarget "CongresoAbierto" */;
			buildPhases = (
				4DBA7661196A47B6002B5811 /* Sources */,
				4DBA7662196A47B6002B5811 /* Frameworks */,
				4DBA7663196A47B6002B5811 /* Resources */,
			);
			buildRules = (
			);
			dependencies = (
			);
			name = CongresoAbierto;
			productName = CongresoAbierto;
			productReference = 4DBA7665196A47B6002B5811 /* CongresoAbierto.app */;
			productType = "com.apple.product-type.application";
		};
		4DBA7685196A47B7002B5811 /* CongresoAbiertoTests */ = {
			isa = PBXNativeTarget;
			buildConfigurationList = 4DBA769A196A47B7002B5811 /* Build configuration list for PBXNativeTarget "CongresoAbiertoTests" */;
			buildPhases = (
				4DBA7682196A47B7002B5811 /* Sources */,
				4DBA7683196A47B7002B5811 /* Frameworks */,
				4DBA7684196A47B7002B5811 /* Resources */,
			);
			buildRules = (
			);
			dependencies = (
				4DBA768C196A47B7002B5811 /* PBXTargetDependency */,
			);
			name = CongresoAbiertoTests;
			productName = CongresoAbiertoTests;
			productReference = 4DBA7686196A47B7002B5811 /* CongresoAbiertoTests.xctest */;
			productType = "com.apple.product-type.bundle.unit-test";
		};
/* End PBXNativeTarget section */

/* Begin PBXProject section */
		4DBA765D196A47B6002B5811 /* Project object */ = {
			isa = PBXProject;
			attributes = {
				LastUpgradeCheck = 0510;
				ORGANIZATIONNAME = "Red Ciudadana";
				TargetAttributes = {
					4DBA7685196A47B7002B5811 = {
						TestTargetID = 4DBA7664196A47B6002B5811;
					};
				};
			};
			buildConfigurationList = 4DBA7660196A47B6002B5811 /* Build configuration list for PBXProject "CongresoAbierto" */;
			compatibilityVersion = "Xcode 3.2";
			developmentRegion = English;
			hasScannedForEncodings = 0;
			knownRegions = (
				en,
				Base,
				da,
				es,
				pt,
				"ru-RU",
				ru,
				sv,
				uk,
			);
			mainGroup = 4DBA765C196A47B6002B5811;
			productRefGroup = 4DBA7666196A47B6002B5811 /* Products */;
			projectDirPath = "";
			projectRoot = "";
			targets = (
				4DBA7664196A47B6002B5811 /* CongresoAbierto */,
				4DBA7685196A47B7002B5811 /* CongresoAbiertoTests */,
			);
		};
/* End PBXProject section */

/* Begin PBXResourcesBuildPhase section */
		4DBA7663196A47B6002B5811 /* Resources */ = {
			isa = PBXResourcesBuildPhase;
			buildActionMask = 2147483647;
			files = (
				4DBA7681196A47B6002B5811 /* Images.xcassets in Resources */,
				4D401F4A196BC81600482B05 /* expandableImage@2x.png in Resources */,
				4D278ABE19BD88E7001B8968 /* BSKeyboardControls.strings in Resources */,
				4D401F49196BC81600482B05 /* expandableImage.png in Resources */,
				4DBA7673196A47B6002B5811 /* InfoPlist.strings in Resources */,
				4DBA767C196A47B6002B5811 /* Main.storyboard in Resources */,
			);
			runOnlyForDeploymentPostprocessing = 0;
		};
		4DBA7684196A47B7002B5811 /* Resources */ = {
			isa = PBXResourcesBuildPhase;
			buildActionMask = 2147483647;
			files = (
				4DBA7692196A47B7002B5811 /* InfoPlist.strings in Resources */,
			);
			runOnlyForDeploymentPostprocessing = 0;
		};
/* End PBXResourcesBuildPhase section */

/* Begin PBXSourcesBuildPhase section */
		4DBA7661196A47B6002B5811 /* Sources */ = {
			isa = PBXSourcesBuildPhase;
			buildActionMask = 2147483647;
			files = (
				4DBA76B7196A4819002B5811 /* SASlideMenuViewController.m in Sources */,
				4DA5542019BE888A009DBD6D /* SDWebImagePrefetcher.m in Sources */,
				4DA5542719BE888A009DBD6D /* UIView+WebCacheOperation.m in Sources */,
				4DA5541819BE888A009DBD6D /* MKAnnotationView+WebCache.m in Sources */,
				4D401F45196BA97600482B05 /* SKSTableViewCell.m in Sources */,
				4DBA767F196A47B6002B5811 /* ViewController.m in Sources */,
				4DB4C062196CEE9F00494F29 /* InitialViewController.m in Sources */,
				4DBA7679196A47B6002B5811 /* AppDelegate.m in Sources */,
				4DA5542319BE888A009DBD6D /* UIImage+MultiFormat.m in Sources */,
				4D278ABD19BD88E7001B8968 /* BSKeyboardControls.m in Sources */,
				4DBA76B2196A4819002B5811 /* SASlideMenuNavigationController.m in Sources */,
				4DBA76C7196A8287002B5811 /* ForoViewController.m in Sources */,
				4D401F46196BA97600482B05 /* SKSTableViewCellIndicator.m in Sources */,
				4DA5541919BE888A009DBD6D /* NSData+ImageContentType.m in Sources */,
				4DA5542219BE888A009DBD6D /* UIImage+GIF.m in Sources */,
				4DBA76B3196A4819002B5811 /* SASlideMenuPushSegue.m in Sources */,
				4DA5541D19BE888A009DBD6D /* SDWebImageDownloader.m in Sources */,
				4DA5541B19BE888A009DBD6D /* SDWebImageCompat.m in Sources */,
				4DBA76B4196A4819002B5811 /* SASlideMenuRightMenuSegue.m in Sources */,
				4DA5542519BE888A009DBD6D /* UIImageView+HighlightedWebCache.m in Sources */,
				4DA553F519BE87D2009DBD6D /* DeputyCell.m in Sources */,
				4DBA76BE196A5EAF002B5811 /* NewsViewController.m in Sources */,
				4DA5541C19BE888A009DBD6D /* SDWebImageDecoder.m in Sources */,
				4DA5541F19BE888A009DBD6D /* SDWebImageManager.m in Sources */,
				4DBA76B6196A4819002B5811 /* SASlideMenuRootViewController.m in Sources */,
				4DA553EE19BE38B3009DBD6D /* ActivitiesViewController.m in Sources */,
				4DB4C05F196CE7CE00494F29 /* DataManager.m in Sources */,
				4DBA76C4196A8193002B5811 /* ComisionesViewController.m in Sources */,
				4DA5541E19BE888A009DBD6D /* SDWebImageDownloaderOperation.m in Sources */,
				4DEB29C3196E35C900063263 /* DiputadoViewController.m in Sources */,
				4DBA76BB196A4847002B5811 /* MenuViewController.m in Sources */,
				4D278AB019BCEEF7001B8968 /* MainMenuViewController.m in Sources */,
				4DA553F119BE6F0D009DBD6D /* DeputiesViewController.m in Sources */,
				4D401F44196BA97600482B05 /* SKSTableView.m in Sources */,
				4DBA76CA196A8369002B5811 /* TwitterFeedViewController.m in Sources */,
				4DBA76B1196A4819002B5811 /* SASlideMenuLeftMenuSegue.m in Sources */,
				4DA5542119BE888A009DBD6D /* UIButton+WebCache.m in Sources */,
				4DBA76CD196A8454002B5811 /* ContactViewController.m in Sources */,
				4DB4C05C196CB87400494F29 /* Deputy.m in Sources */,
				4DBA76B0196A4819002B5811 /* SASlideMenuContentSegue.m in Sources */,
				4DA5542A19BEBE5E009DBD6D /* Commission.m in Sources */,
				4DA5541A19BE888A009DBD6D /* SDImageCache.m in Sources */,
				4DBA76B5196A4819002B5811 /* SASlideMenuRightMenuViewController.m in Sources */,
				4DBA76C1196A7E99002B5811 /* DiputadosViewController.m in Sources */,
				4DBA7675196A47B6002B5811 /* main.m in Sources */,
				4DA553EB19BE38A5009DBD6D /* RedCiudadanaViewController.m in Sources */,
				4DA5542619BE888A009DBD6D /* UIImageView+WebCache.m in Sources */,
				4DA5542419BE888A009DBD6D /* UIImage+WebP.m in Sources */,
			);
			runOnlyForDeploymentPostprocessing = 0;
		};
		4DBA7682196A47B7002B5811 /* Sources */ = {
			isa = PBXSourcesBuildPhase;
			buildActionMask = 2147483647;
			files = (
				4DBA7694196A47B7002B5811 /* CongresoAbiertoTests.m in Sources */,
			);
			runOnlyForDeploymentPostprocessing = 0;
		};
/* End PBXSourcesBuildPhase section */

/* Begin PBXTargetDependency section */
		4DBA768C196A47B7002B5811 /* PBXTargetDependency */ = {
			isa = PBXTargetDependency;
			target = 4DBA7664196A47B6002B5811 /* CongresoAbierto */;
			targetProxy = 4DBA768B196A47B7002B5811 /* PBXContainerItemProxy */;
		};
/* End PBXTargetDependency section */

/* Begin PBXVariantGroup section */
		4D278AB419BD88E7001B8968 /* BSKeyboardControls.strings */ = {
			isa = PBXVariantGroup;
			children = (
				4D278AB519BD88E7001B8968 /* da */,
				4D278AB619BD88E7001B8968 /* en */,
				4D278AB719BD88E7001B8968 /* es */,
				4D278AB819BD88E7001B8968 /* pt */,
				4D278AB919BD88E7001B8968 /* ru-RU */,
				4D278ABA19BD88E7001B8968 /* ru */,
				4D278ABB19BD88E7001B8968 /* sv */,
				4D278ABC19BD88E7001B8968 /* uk */,
			);
			name = BSKeyboardControls.strings;
			sourceTree = "<group>";
		};
		4DBA7671196A47B6002B5811 /* InfoPlist.strings */ = {
			isa = PBXVariantGroup;
			children = (
				4DBA7672196A47B6002B5811 /* en */,
			);
			name = InfoPlist.strings;
			sourceTree = "<group>";
		};
		4DBA767A196A47B6002B5811 /* Main.storyboard */ = {
			isa = PBXVariantGroup;
			children = (
				4DBA767B196A47B6002B5811 /* Base */,
			);
			name = Main.storyboard;
			sourceTree = "<group>";
		};
		4DBA7690196A47B7002B5811 /* InfoPlist.strings */ = {
			isa = PBXVariantGroup;
			children = (
				4DBA7691196A47B7002B5811 /* en */,
			);
			name = InfoPlist.strings;
			sourceTree = "<group>";
		};
/* End PBXVariantGroup section */

/* Begin XCBuildConfiguration section */
		4DBA7695196A47B7002B5811 /* Debug */ = {
			isa = XCBuildConfiguration;
			buildSettings = {
				ALWAYS_SEARCH_USER_PATHS = NO;
				CLANG_CXX_LANGUAGE_STANDARD = "gnu++0x";
				CLANG_CXX_LIBRARY = "libc++";
				CLANG_ENABLE_MODULES = YES;
				CLANG_ENABLE_OBJC_ARC = YES;
				CLANG_WARN_BOOL_CONVERSION = YES;
				CLANG_WARN_CONSTANT_CONVERSION = YES;
				CLANG_WARN_DIRECT_OBJC_ISA_USAGE = YES_ERROR;
				CLANG_WARN_EMPTY_BODY = YES;
				CLANG_WARN_ENUM_CONVERSION = YES;
				CLANG_WARN_INT_CONVERSION = YES;
				CLANG_WARN_OBJC_ROOT_CLASS = YES_ERROR;
				CLANG_WARN__DUPLICATE_METHOD_MATCH = YES;
				"CODE_SIGN_IDENTITY[sdk=iphoneos*]" = "iPhone Developer";
				COPY_PHASE_STRIP = NO;
				GCC_C_LANGUAGE_STANDARD = gnu99;
				GCC_DYNAMIC_NO_PIC = NO;
				GCC_OPTIMIZATION_LEVEL = 0;
				GCC_PREPROCESSOR_DEFINITIONS = (
					"DEBUG=1",
					"$(inherited)",
				);
				GCC_SYMBOLS_PRIVATE_EXTERN = NO;
				GCC_WARN_64_TO_32_BIT_CONVERSION = YES;
				GCC_WARN_ABOUT_RETURN_TYPE = YES_ERROR;
				GCC_WARN_UNDECLARED_SELECTOR = YES;
				GCC_WARN_UNINITIALIZED_AUTOS = YES_AGGRESSIVE;
				GCC_WARN_UNUSED_FUNCTION = YES;
				GCC_WARN_UNUSED_VARIABLE = YES;
				IPHONEOS_DEPLOYMENT_TARGET = 7.1;
				ONLY_ACTIVE_ARCH = YES;
				SDKROOT = iphoneos;
			};
			name = Debug;
		};
		4DBA7696196A47B7002B5811 /* Release */ = {
			isa = XCBuildConfiguration;
			buildSettings = {
				ALWAYS_SEARCH_USER_PATHS = NO;
				CLANG_CXX_LANGUAGE_STANDARD = "gnu++0x";
				CLANG_CXX_LIBRARY = "libc++";
				CLANG_ENABLE_MODULES = YES;
				CLANG_ENABLE_OBJC_ARC = YES;
				CLANG_WARN_BOOL_CONVERSION = YES;
				CLANG_WARN_CONSTANT_CONVERSION = YES;
				CLANG_WARN_DIRECT_OBJC_ISA_USAGE = YES_ERROR;
				CLANG_WARN_EMPTY_BODY = YES;
				CLANG_WARN_ENUM_CONVERSION = YES;
				CLANG_WARN_INT_CONVERSION = YES;
				CLANG_WARN_OBJC_ROOT_CLASS = YES_ERROR;
				CLANG_WARN__DUPLICATE_METHOD_MATCH = YES;
				"CODE_SIGN_IDENTITY[sdk=iphoneos*]" = "iPhone Developer";
				COPY_PHASE_STRIP = YES;
				ENABLE_NS_ASSERTIONS = NO;
				GCC_C_LANGUAGE_STANDARD = gnu99;
				GCC_WARN_64_TO_32_BIT_CONVERSION = YES;
				GCC_WARN_ABOUT_RETURN_TYPE = YES_ERROR;
				GCC_WARN_UNDECLARED_SELECTOR = YES;
				GCC_WARN_UNINITIALIZED_AUTOS = YES_AGGRESSIVE;
				GCC_WARN_UNUSED_FUNCTION = YES;
				GCC_WARN_UNUSED_VARIABLE = YES;
				IPHONEOS_DEPLOYMENT_TARGET = 7.1;
				SDKROOT = iphoneos;
				VALIDATE_PRODUCT = YES;
			};
			name = Release;
		};
		4DBA7698196A47B7002B5811 /* Debug */ = {
			isa = XCBuildConfiguration;
			buildSettings = {
				ASSETCATALOG_COMPILER_APPICON_NAME = AppIcon;
				ASSETCATALOG_COMPILER_LAUNCHIMAGE_NAME = LaunchImage;
				GCC_PRECOMPILE_PREFIX_HEADER = YES;
				GCC_PREFIX_HEADER = "CongresoAbierto/CongresoAbierto-Prefix.pch";
				INFOPLIST_FILE = "CongresoAbierto/CongresoAbierto-Info.plist";
				PRODUCT_NAME = "$(TARGET_NAME)";
				WRAPPER_EXTENSION = app;
			};
			name = Debug;
		};
		4DBA7699196A47B7002B5811 /* Release */ = {
			isa = XCBuildConfiguration;
			buildSettings = {
				ASSETCATALOG_COMPILER_APPICON_NAME = AppIcon;
				ASSETCATALOG_COMPILER_LAUNCHIMAGE_NAME = LaunchImage;
				GCC_PRECOMPILE_PREFIX_HEADER = YES;
				GCC_PREFIX_HEADER = "CongresoAbierto/CongresoAbierto-Prefix.pch";
				INFOPLIST_FILE = "CongresoAbierto/CongresoAbierto-Info.plist";
				PRODUCT_NAME = "$(TARGET_NAME)";
				WRAPPER_EXTENSION = app;
			};
			name = Release;
		};
		4DBA769B196A47B7002B5811 /* Debug */ = {
			isa = XCBuildConfiguration;
			buildSettings = {
				BUNDLE_LOADER = "$(BUILT_PRODUCTS_DIR)/CongresoAbierto.app/CongresoAbierto";
				FRAMEWORK_SEARCH_PATHS = (
					"$(SDKROOT)/Developer/Library/Frameworks",
					"$(inherited)",
					"$(DEVELOPER_FRAMEWORKS_DIR)",
				);
				GCC_PRECOMPILE_PREFIX_HEADER = YES;
				GCC_PREFIX_HEADER = "CongresoAbierto/CongresoAbierto-Prefix.pch";
				GCC_PREPROCESSOR_DEFINITIONS = (
					"DEBUG=1",
					"$(inherited)",
				);
				INFOPLIST_FILE = "CongresoAbiertoTests/CongresoAbiertoTests-Info.plist";
				PRODUCT_NAME = "$(TARGET_NAME)";
				TEST_HOST = "$(BUNDLE_LOADER)";
				WRAPPER_EXTENSION = xctest;
			};
			name = Debug;
		};
		4DBA769C196A47B7002B5811 /* Release */ = {
			isa = XCBuildConfiguration;
			buildSettings = {
				BUNDLE_LOADER = "$(BUILT_PRODUCTS_DIR)/CongresoAbierto.app/CongresoAbierto";
				FRAMEWORK_SEARCH_PATHS = (
					"$(SDKROOT)/Developer/Library/Frameworks",
					"$(inherited)",
					"$(DEVELOPER_FRAMEWORKS_DIR)",
				);
				GCC_PRECOMPILE_PREFIX_HEADER = YES;
				GCC_PREFIX_HEADER = "CongresoAbierto/CongresoAbierto-Prefix.pch";
				INFOPLIST_FILE = "CongresoAbiertoTests/CongresoAbiertoTests-Info.plist";
				PRODUCT_NAME = "$(TARGET_NAME)";
				TEST_HOST = "$(BUNDLE_LOADER)";
				WRAPPER_EXTENSION = xctest;
			};
			name = Release;
		};
/* End XCBuildConfiguration section */

/* Begin XCConfigurationList section */
		4DBA7660196A47B6002B5811 /* Build configuration list for PBXProject "CongresoAbierto" */ = {
			isa = XCConfigurationList;
			buildConfigurations = (
				4DBA7695196A47B7002B5811 /* Debug */,
				4DBA7696196A47B7002B5811 /* Release */,
			);
			defaultConfigurationIsVisible = 0;
			defaultConfigurationName = Release;
		};
		4DBA7697196A47B7002B5811 /* Build configuration list for PBXNativeTarget "CongresoAbierto" */ = {
			isa = XCConfigurationList;
			buildConfigurations = (
				4DBA7698196A47B7002B5811 /* Debug */,
				4DBA7699196A47B7002B5811 /* Release */,
			);
			defaultConfigurationIsVisible = 0;
			defaultConfigurationName = Release;
		};
		4DBA769A196A47B7002B5811 /* Build configuration list for PBXNativeTarget "CongresoAbiertoTests" */ = {
			isa = XCConfigurationList;
			buildConfigurations = (
				4DBA769B196A47B7002B5811 /* Debug */,
				4DBA769C196A47B7002B5811 /* Release */,
			);
			defaultConfigurationIsVisible = 0;
			defaultConfigurationName = Release;
		};
/* End XCConfigurationList section */
	};
	rootObject = 4DBA765D196A47B6002B5811 /* Project object */;
}
